// !$*UTF8*$!
{
	archiveVersion = 1;
	classes = {
	};
	objectVersion = 50;
	objects = {

/* Begin PBXBuildFile section */
		662B5EDE2A160173005CD76E /* AppDelegate.swift in Sources */ = {isa = PBXBuildFile; fileRef = 662B5EDD2A160173005CD76E /* AppDelegate.swift */; };
		662B5EE02A160173005CD76E /* ViewController.swift in Sources */ = {isa = PBXBuildFile; fileRef = 662B5EDF2A160173005CD76E /* ViewController.swift */; };
		662B5EE32A160173005CD76E /* Main.storyboard in Resources */ = {isa = PBXBuildFile; fileRef = 662B5EE12A160173005CD76E /* Main.storyboard */; };
		662B5EE52A160177005CD76E /* Assets.xcassets in Resources */ = {isa = PBXBuildFile; fileRef = 662B5EE42A160177005CD76E /* Assets.xcassets */; };
		662B5EE82A160177005CD76E /* LaunchScreen.storyboard in Resources */ = {isa = PBXBuildFile; fileRef = 662B5EE62A160177005CD76E /* LaunchScreen.storyboard */; };
		662B5EF32A160177005CD76E /* doaniosTests.swift in Sources */ = {isa = PBXBuildFile; fileRef = 662B5EF22A160177005CD76E /* doaniosTests.swift */; };
		667978082A16EC4F0032D40F /* LoginViewController.swift in Sources */ = {isa = PBXBuildFile; fileRef = 667978072A16EC4F0032D40F /* LoginViewController.swift */; };
		74532A2A2A20E9A200E5AFAE /* QLBanViewController.swift in Sources */ = {isa = PBXBuildFile; fileRef = 74532A292A20E9A200E5AFAE /* QLBanViewController.swift */; };
		74532A2C2A20E9FF00E5AFAE /* QLBanTableViewCell.swift in Sources */ = {isa = PBXBuildFile; fileRef = 74532A2B2A20E9FF00E5AFAE /* QLBanTableViewCell.swift */; };
		7454ECB72A218AA300308683 /* QLBanTableViewController.swift in Sources */ = {isa = PBXBuildFile; fileRef = 7454ECB62A218AA300308683 /* QLBanTableViewController.swift */; };
		7454ECB92A219B5100308683 /* AddTableViewController.swift in Sources */ = {isa = PBXBuildFile; fileRef = 7454ECB82A219B5100308683 /* AddTableViewController.swift */; };
		74D7B80E2A208B1B00981D9A /* BanViewController.swift in Sources */ = {isa = PBXBuildFile; fileRef = 74D7B80D2A208B1B00981D9A /* BanViewController.swift */; };
		74D7B8102A208D2C00981D9A /* BanCollectionViewCell.swift in Sources */ = {isa = PBXBuildFile; fileRef = 74D7B80F2A208D2C00981D9A /* BanCollectionViewCell.swift */; };
		BA5302842A1E3BA80048125D /* FMResultSet.m in Sources */ = {isa = PBXBuildFile; fileRef = BA53027B2A1E3BA70048125D /* FMResultSet.m */; };
		BA5302852A1E3BA80048125D /* FMDatabasePool.m in Sources */ = {isa = PBXBuildFile; fileRef = BA53027D2A1E3BA70048125D /* FMDatabasePool.m */; };
		BA5302862A1E3BA80048125D /* FMDatabaseQueue.m in Sources */ = {isa = PBXBuildFile; fileRef = BA53027E2A1E3BA70048125D /* FMDatabaseQueue.m */; };
		BA5302872A1E3BA80048125D /* FMDatabaseAdditions.m in Sources */ = {isa = PBXBuildFile; fileRef = BA5302812A1E3BA80048125D /* FMDatabaseAdditions.m */; };
		BA5302882A1E3BA80048125D /* FMDatabase.m in Sources */ = {isa = PBXBuildFile; fileRef = BA5302832A1E3BA80048125D /* FMDatabase.m */; };
		BA53028A2A1E3CAF0048125D /* DatabaseLayer.swift in Sources */ = {isa = PBXBuildFile; fileRef = BA5302892A1E3CAF0048125D /* DatabaseLayer.swift */; };
		BA53028D2A1E49060048125D /* Oder.swift in Sources */ = {isa = PBXBuildFile; fileRef = BA53028C2A1E49060048125D /* Oder.swift */; };
		BA53028F2A1E50120048125D /* Table.swift in Sources */ = {isa = PBXBuildFile; fileRef = BA53028E2A1E50120048125D /* Table.swift */; };
		BA5302912A1E51DA0048125D /* Bill.swift in Sources */ = {isa = PBXBuildFile; fileRef = BA5302902A1E51DA0048125D /* Bill.swift */; };
		BA5302932A1E54E00048125D /* Dish.swift in Sources */ = {isa = PBXBuildFile; fileRef = BA5302922A1E54E00048125D /* Dish.swift */; };
		BA8004492A1CF22A00BC27E5 /* GoiMonCollectionViewCell.swift in Sources */ = {isa = PBXBuildFile; fileRef = BA8004482A1CF22A00BC27E5 /* GoiMonCollectionViewCell.swift */; };
		BA80044B2A1CF30200BC27E5 /* GoiMonViewController.swift in Sources */ = {isa = PBXBuildFile; fileRef = BA80044A2A1CF30200BC27E5 /* GoiMonViewController.swift */; };
		BAC889372A1E2CF00052A0EE /* libsqlite3.0.tbd in Frameworks */ = {isa = PBXBuildFile; fileRef = BAC889362A1E2CF00052A0EE /* libsqlite3.0.tbd */; };
/* End PBXBuildFile section */

/* Begin PBXContainerItemProxy section */
		662B5EEF2A160177005CD76E /* PBXContainerItemProxy */ = {
			isa = PBXContainerItemProxy;
			containerPortal = 662B5ED22A160173005CD76E /* Project object */;
			proxyType = 1;
			remoteGlobalIDString = 662B5ED92A160173005CD76E;
			remoteInfo = doanios;
		};
/* End PBXContainerItemProxy section */

/* Begin PBXFileReference section */
		662B5EDA2A160173005CD76E /* doanios.app */ = {isa = PBXFileReference; explicitFileType = wrapper.application; includeInIndex = 0; path = doanios.app; sourceTree = BUILT_PRODUCTS_DIR; };
		662B5EDD2A160173005CD76E /* AppDelegate.swift */ = {isa = PBXFileReference; lastKnownFileType = sourcecode.swift; path = AppDelegate.swift; sourceTree = "<group>"; };
		662B5EDF2A160173005CD76E /* ViewController.swift */ = {isa = PBXFileReference; lastKnownFileType = sourcecode.swift; path = ViewController.swift; sourceTree = "<group>"; };
		662B5EE22A160173005CD76E /* Base */ = {isa = PBXFileReference; lastKnownFileType = file.storyboard; name = Base; path = Base.lproj/Main.storyboard; sourceTree = "<group>"; };
		662B5EE42A160177005CD76E /* Assets.xcassets */ = {isa = PBXFileReference; lastKnownFileType = folder.assetcatalog; path = Assets.xcassets; sourceTree = "<group>"; };
		662B5EE72A160177005CD76E /* Base */ = {isa = PBXFileReference; lastKnownFileType = file.storyboard; name = Base; path = Base.lproj/LaunchScreen.storyboard; sourceTree = "<group>"; };
		662B5EE92A160177005CD76E /* Info.plist */ = {isa = PBXFileReference; lastKnownFileType = text.plist.xml; path = Info.plist; sourceTree = "<group>"; };
		662B5EEE2A160177005CD76E /* doaniosTests.xctest */ = {isa = PBXFileReference; explicitFileType = wrapper.cfbundle; includeInIndex = 0; path = doaniosTests.xctest; sourceTree = BUILT_PRODUCTS_DIR; };
		662B5EF22A160177005CD76E /* doaniosTests.swift */ = {isa = PBXFileReference; lastKnownFileType = sourcecode.swift; path = doaniosTests.swift; sourceTree = "<group>"; };
		662B5EF42A160177005CD76E /* Info.plist */ = {isa = PBXFileReference; lastKnownFileType = text.plist.xml; path = Info.plist; sourceTree = "<group>"; };
		667978072A16EC4F0032D40F /* LoginViewController.swift */ = {isa = PBXFileReference; lastKnownFileType = sourcecode.swift; path = LoginViewController.swift; sourceTree = "<group>"; };
		74532A292A20E9A200E5AFAE /* QLBanViewController.swift */ = {isa = PBXFileReference; lastKnownFileType = sourcecode.swift; path = QLBanViewController.swift; sourceTree = "<group>"; };
		74532A2B2A20E9FF00E5AFAE /* QLBanTableViewCell.swift */ = {isa = PBXFileReference; lastKnownFileType = sourcecode.swift; path = QLBanTableViewCell.swift; sourceTree = "<group>"; };
		7454ECB62A218AA300308683 /* QLBanTableViewController.swift */ = {isa = PBXFileReference; lastKnownFileType = sourcecode.swift; path = QLBanTableViewController.swift; sourceTree = "<group>"; };
		7454ECB82A219B5100308683 /* AddTableViewController.swift */ = {isa = PBXFileReference; lastKnownFileType = sourcecode.swift; path = AddTableViewController.swift; sourceTree = "<group>"; };
		74D7B80D2A208B1B00981D9A /* BanViewController.swift */ = {isa = PBXFileReference; lastKnownFileType = sourcecode.swift; path = BanViewController.swift; sourceTree = "<group>"; };
		74D7B80F2A208D2C00981D9A /* BanCollectionViewCell.swift */ = {isa = PBXFileReference; lastKnownFileType = sourcecode.swift; path = BanCollectionViewCell.swift; sourceTree = "<group>"; };
		BA5302782A1E3BA60048125D /* doanios-Bridging-Header.h */ = {isa = PBXFileReference; lastKnownFileType = sourcecode.c.h; path = "doanios-Bridging-Header.h"; sourceTree = "<group>"; };
		BA5302792A1E3BA70048125D /* FMDatabaseQueue.h */ = {isa = PBXFileReference; fileEncoding = 4; lastKnownFileType = sourcecode.c.h; path = FMDatabaseQueue.h; sourceTree = "<group>"; };
		BA53027A2A1E3BA70048125D /* FMResultSet.h */ = {isa = PBXFileReference; fileEncoding = 4; lastKnownFileType = sourcecode.c.h; path = FMResultSet.h; sourceTree = "<group>"; };
		BA53027B2A1E3BA70048125D /* FMResultSet.m */ = {isa = PBXFileReference; fileEncoding = 4; lastKnownFileType = sourcecode.c.objc; path = FMResultSet.m; sourceTree = "<group>"; };
		BA53027C2A1E3BA70048125D /* FMDatabase.h */ = {isa = PBXFileReference; fileEncoding = 4; lastKnownFileType = sourcecode.c.h; path = FMDatabase.h; sourceTree = "<group>"; };
		BA53027D2A1E3BA70048125D /* FMDatabasePool.m */ = {isa = PBXFileReference; fileEncoding = 4; lastKnownFileType = sourcecode.c.objc; path = FMDatabasePool.m; sourceTree = "<group>"; };
		BA53027E2A1E3BA70048125D /* FMDatabaseQueue.m */ = {isa = PBXFileReference; fileEncoding = 4; lastKnownFileType = sourcecode.c.objc; path = FMDatabaseQueue.m; sourceTree = "<group>"; };
		BA53027F2A1E3BA70048125D /* FMDatabasePool.h */ = {isa = PBXFileReference; fileEncoding = 4; lastKnownFileType = sourcecode.c.h; path = FMDatabasePool.h; sourceTree = "<group>"; };
		BA5302802A1E3BA80048125D /* FMDB.h */ = {isa = PBXFileReference; fileEncoding = 4; lastKnownFileType = sourcecode.c.h; path = FMDB.h; sourceTree = "<group>"; };
		BA5302812A1E3BA80048125D /* FMDatabaseAdditions.m */ = {isa = PBXFileReference; fileEncoding = 4; lastKnownFileType = sourcecode.c.objc; path = FMDatabaseAdditions.m; sourceTree = "<group>"; };
		BA5302822A1E3BA80048125D /* FMDatabaseAdditions.h */ = {isa = PBXFileReference; fileEncoding = 4; lastKnownFileType = sourcecode.c.h; path = FMDatabaseAdditions.h; sourceTree = "<group>"; };
		BA5302832A1E3BA80048125D /* FMDatabase.m */ = {isa = PBXFileReference; fileEncoding = 4; lastKnownFileType = sourcecode.c.objc; path = FMDatabase.m; sourceTree = "<group>"; };
		BA5302892A1E3CAF0048125D /* DatabaseLayer.swift */ = {isa = PBXFileReference; lastKnownFileType = sourcecode.swift; path = DatabaseLayer.swift; sourceTree = "<group>"; };
		BA53028C2A1E49060048125D /* Oder.swift */ = {isa = PBXFileReference; lastKnownFileType = sourcecode.swift; path = Oder.swift; sourceTree = "<group>"; };
		BA53028E2A1E50120048125D /* Table.swift */ = {isa = PBXFileReference; lastKnownFileType = sourcecode.swift; path = Table.swift; sourceTree = "<group>"; };
		BA5302902A1E51DA0048125D /* Bill.swift */ = {isa = PBXFileReference; lastKnownFileType = sourcecode.swift; path = Bill.swift; sourceTree = "<group>"; };
		BA5302922A1E54E00048125D /* Dish.swift */ = {isa = PBXFileReference; lastKnownFileType = sourcecode.swift; path = Dish.swift; sourceTree = "<group>"; };
		BA8004482A1CF22A00BC27E5 /* GoiMonCollectionViewCell.swift */ = {isa = PBXFileReference; lastKnownFileType = sourcecode.swift; path = GoiMonCollectionViewCell.swift; sourceTree = "<group>"; };
		BA80044A2A1CF30200BC27E5 /* GoiMonViewController.swift */ = {isa = PBXFileReference; lastKnownFileType = sourcecode.swift; path = GoiMonViewController.swift; sourceTree = "<group>"; };
		BAC889362A1E2CF00052A0EE /* libsqlite3.0.tbd */ = {isa = PBXFileReference; lastKnownFileType = "sourcecode.text-based-dylib-definition"; name = libsqlite3.0.tbd; path = usr/lib/libsqlite3.0.tbd; sourceTree = SDKROOT; };
/* End PBXFileReference section */

/* Begin PBXFrameworksBuildPhase section */
		662B5ED72A160173005CD76E /* Frameworks */ = {
			isa = PBXFrameworksBuildPhase;
			buildActionMask = 2147483647;
			files = (
				BAC889372A1E2CF00052A0EE /* libsqlite3.0.tbd in Frameworks */,
			);
			runOnlyForDeploymentPostprocessing = 0;
		};
		662B5EEB2A160177005CD76E /* Frameworks */ = {
			isa = PBXFrameworksBuildPhase;
			buildActionMask = 2147483647;
			files = (
			);
			runOnlyForDeploymentPostprocessing = 0;
		};
/* End PBXFrameworksBuildPhase section */

/* Begin PBXGroup section */
		662B5ED12A160173005CD76E = {
			isa = PBXGroup;
			children = (
				662B5EDC2A160173005CD76E /* doanios */,
				662B5EF12A160177005CD76E /* doaniosTests */,
				662B5EDB2A160173005CD76E /* Products */,
				BAC889352A1E2CF00052A0EE /* Frameworks */,
			);
			sourceTree = "<group>";
		};
		662B5EDB2A160173005CD76E /* Products */ = {
			isa = PBXGroup;
			children = (
				662B5EDA2A160173005CD76E /* doanios.app */,
				662B5EEE2A160177005CD76E /* doaniosTests.xctest */,
			);
			name = Products;
			sourceTree = "<group>";
		};
		662B5EDC2A160173005CD76E /* doanios */ = {
			isa = PBXGroup;
			children = (
				BA53028B2A1E48A30048125D /* DataModel */,
				BAC889382A1E2D230052A0EE /* FMDB */,
				BAC889332A1E2C980052A0EE /* DAL */,
				667978042A16EAB50032D40F /* New Group */,
				662B5EDD2A160173005CD76E /* AppDelegate.swift */,
				662B5EDF2A160173005CD76E /* ViewController.swift */,
				662B5EE12A160173005CD76E /* Main.storyboard */,
				662B5EE42A160177005CD76E /* Assets.xcassets */,
				662B5EE62A160177005CD76E /* LaunchScreen.storyboard */,
				662B5EE92A160177005CD76E /* Info.plist */,
			);
			path = doanios;
			sourceTree = "<group>";
		};
		662B5EF12A160177005CD76E /* doaniosTests */ = {
			isa = PBXGroup;
			children = (
				662B5EF22A160177005CD76E /* doaniosTests.swift */,
				662B5EF42A160177005CD76E /* Info.plist */,
			);
			path = doaniosTests;
			sourceTree = "<group>";
		};
		667978042A16EAB50032D40F /* New Group */ = {
			isa = PBXGroup;
			children = (
				667978072A16EC4F0032D40F /* LoginViewController.swift */,
				BA8004482A1CF22A00BC27E5 /* GoiMonCollectionViewCell.swift */,
				BA80044A2A1CF30200BC27E5 /* GoiMonViewController.swift */,
				74D7B80D2A208B1B00981D9A /* BanViewController.swift */,
				74D7B80F2A208D2C00981D9A /* BanCollectionViewCell.swift */,
				74532A292A20E9A200E5AFAE /* QLBanViewController.swift */,
				74532A2B2A20E9FF00E5AFAE /* QLBanTableViewCell.swift */,
				7454ECB62A218AA300308683 /* QLBanTableViewController.swift */,
				7454ECB82A219B5100308683 /* AddTableViewController.swift */,
			);
			name = "New Group";
			sourceTree = "<group>";
		};
		BA53028B2A1E48A30048125D /* DataModel */ = {
			isa = PBXGroup;
			children = (
				BA53028C2A1E49060048125D /* Oder.swift */,
				BA53028E2A1E50120048125D /* Table.swift */,
				BA5302902A1E51DA0048125D /* Bill.swift */,
				BA5302922A1E54E00048125D /* Dish.swift */,
			);
			path = DataModel;
			sourceTree = "<group>";
		};
		BAC889332A1E2C980052A0EE /* DAL */ = {
			isa = PBXGroup;
			children = (
				BA5302892A1E3CAF0048125D /* DatabaseLayer.swift */,
			);
			path = DAL;
			sourceTree = "<group>";
		};
		BAC889352A1E2CF00052A0EE /* Frameworks */ = {
			isa = PBXGroup;
			children = (
				BAC889362A1E2CF00052A0EE /* libsqlite3.0.tbd */,
			);
			name = Frameworks;
			sourceTree = "<group>";
		};
		BAC889382A1E2D230052A0EE /* FMDB */ = {
			isa = PBXGroup;
			children = (
				BA53027C2A1E3BA70048125D /* FMDatabase.h */,
				BA5302832A1E3BA80048125D /* FMDatabase.m */,
				BA5302822A1E3BA80048125D /* FMDatabaseAdditions.h */,
				BA5302812A1E3BA80048125D /* FMDatabaseAdditions.m */,
				BA53027F2A1E3BA70048125D /* FMDatabasePool.h */,
				BA53027D2A1E3BA70048125D /* FMDatabasePool.m */,
				BA5302792A1E3BA70048125D /* FMDatabaseQueue.h */,
				BA53027E2A1E3BA70048125D /* FMDatabaseQueue.m */,
				BA5302802A1E3BA80048125D /* FMDB.h */,
				BA53027A2A1E3BA70048125D /* FMResultSet.h */,
				BA53027B2A1E3BA70048125D /* FMResultSet.m */,
				BAC889392A1E2D2E0052A0EE /* src */,
				BA5302782A1E3BA60048125D /* doanios-Bridging-Header.h */,
			);
			path = FMDB;
			sourceTree = "<group>";
		};
		BAC889392A1E2D2E0052A0EE /* src */ = {
			isa = PBXGroup;
			children = (
			);
			path = src;
			sourceTree = "<group>";
		};
/* End PBXGroup section */

/* Begin PBXNativeTarget section */
		662B5ED92A160173005CD76E /* doanios */ = {
			isa = PBXNativeTarget;
			buildConfigurationList = 662B5EF72A160177005CD76E /* Build configuration list for PBXNativeTarget "doanios" */;
			buildPhases = (
				662B5ED62A160173005CD76E /* Sources */,
				662B5ED72A160173005CD76E /* Frameworks */,
				662B5ED82A160173005CD76E /* Resources */,
			);
			buildRules = (
			);
			dependencies = (
			);
			name = doanios;
			productName = doanios;
			productReference = 662B5EDA2A160173005CD76E /* doanios.app */;
			productType = "com.apple.product-type.application";
		};
		662B5EED2A160177005CD76E /* doaniosTests */ = {
			isa = PBXNativeTarget;
			buildConfigurationList = 662B5EFA2A160177005CD76E /* Build configuration list for PBXNativeTarget "doaniosTests" */;
			buildPhases = (
				662B5EEA2A160177005CD76E /* Sources */,
				662B5EEB2A160177005CD76E /* Frameworks */,
				662B5EEC2A160177005CD76E /* Resources */,
			);
			buildRules = (
			);
			dependencies = (
				662B5EF02A160177005CD76E /* PBXTargetDependency */,
			);
			name = doaniosTests;
			productName = doaniosTests;
			productReference = 662B5EEE2A160177005CD76E /* doaniosTests.xctest */;
			productType = "com.apple.product-type.bundle.unit-test";
		};
/* End PBXNativeTarget section */

/* Begin PBXProject section */
		662B5ED22A160173005CD76E /* Project object */ = {
			isa = PBXProject;
			attributes = {
				LastSwiftUpdateCheck = 1030;
				LastUpgradeCheck = 1030;
				ORGANIZATIONNAME = fit.tdc;
				TargetAttributes = {
					662B5ED92A160173005CD76E = {
						CreatedOnToolsVersion = 10.3;
						LastSwiftMigration = 1030;
					};
					662B5EED2A160177005CD76E = {
						CreatedOnToolsVersion = 10.3;
						TestTargetID = 662B5ED92A160173005CD76E;
					};
				};
			};
			buildConfigurationList = 662B5ED52A160173005CD76E /* Build configuration list for PBXProject "doanios" */;
			compatibilityVersion = "Xcode 9.3";
			developmentRegion = en;
			hasScannedForEncodings = 0;
			knownRegions = (
				en,
				Base,
			);
			mainGroup = 662B5ED12A160173005CD76E;
			productRefGroup = 662B5EDB2A160173005CD76E /* Products */;
			projectDirPath = "";
			projectRoot = "";
			targets = (
				662B5ED92A160173005CD76E /* doanios */,
				662B5EED2A160177005CD76E /* doaniosTests */,
			);
		};
/* End PBXProject section */

/* Begin PBXResourcesBuildPhase section */
		662B5ED82A160173005CD76E /* Resources */ = {
			isa = PBXResourcesBuildPhase;
			buildActionMask = 2147483647;
			files = (
				662B5EE82A160177005CD76E /* LaunchScreen.storyboard in Resources */,
				662B5EE52A160177005CD76E /* Assets.xcassets in Resources */,
				662B5EE32A160173005CD76E /* Main.storyboard in Resources */,
			);
			runOnlyForDeploymentPostprocessing = 0;
		};
		662B5EEC2A160177005CD76E /* Resources */ = {
			isa = PBXResourcesBuildPhase;
			buildActionMask = 2147483647;
			files = (
			);
			runOnlyForDeploymentPostprocessing = 0;
		};
/* End PBXResourcesBuildPhase section */

/* Begin PBXSourcesBuildPhase section */
		662B5ED62A160173005CD76E /* Sources */ = {
			isa = PBXSourcesBuildPhase;
			buildActionMask = 2147483647;
			files = (
				BA5302842A1E3BA80048125D /* FMResultSet.m in Sources */,
				74532A2A2A20E9A200E5AFAE /* QLBanViewController.swift in Sources */,
				BA5302862A1E3BA80048125D /* FMDatabaseQueue.m in Sources */,
				74D7B80E2A208B1B00981D9A /* BanViewController.swift in Sources */,
				667978082A16EC4F0032D40F /* LoginViewController.swift in Sources */,
				BA53028D2A1E49060048125D /* Oder.swift in Sources */,
				BA5302912A1E51DA0048125D /* Bill.swift in Sources */,
				BA53028A2A1E3CAF0048125D /* DatabaseLayer.swift in Sources */,
				7454ECB92A219B5100308683 /* AddTableViewController.swift in Sources */,
				BA5302932A1E54E00048125D /* Dish.swift in Sources */,
				BA5302882A1E3BA80048125D /* FMDatabase.m in Sources */,
				7454ECB72A218AA300308683 /* QLBanTableViewController.swift in Sources */,
				BA80044B2A1CF30200BC27E5 /* GoiMonViewController.swift in Sources */,
				BA53028F2A1E50120048125D /* Table.swift in Sources */,
				BA8004492A1CF22A00BC27E5 /* GoiMonCollectionViewCell.swift in Sources */,
				74532A2C2A20E9FF00E5AFAE /* QLBanTableViewCell.swift in Sources */,
				BA5302872A1E3BA80048125D /* FMDatabaseAdditions.m in Sources */,
				BA5302852A1E3BA80048125D /* FMDatabasePool.m in Sources */,
				662B5EE02A160173005CD76E /* ViewController.swift in Sources */,
				662B5EDE2A160173005CD76E /* AppDelegate.swift in Sources */,
				74D7B8102A208D2C00981D9A /* BanCollectionViewCell.swift in Sources */,
			);
			runOnlyForDeploymentPostprocessing = 0;
		};
		662B5EEA2A160177005CD76E /* Sources */ = {
			isa = PBXSourcesBuildPhase;
			buildActionMask = 2147483647;
			files = (
				662B5EF32A160177005CD76E /* doaniosTests.swift in Sources */,
			);
			runOnlyForDeploymentPostprocessing = 0;
		};
/* End PBXSourcesBuildPhase section */

/* Begin PBXTargetDependency section */
		662B5EF02A160177005CD76E /* PBXTargetDependency */ = {
			isa = PBXTargetDependency;
			target = 662B5ED92A160173005CD76E /* doanios */;
			targetProxy = 662B5EEF2A160177005CD76E /* PBXContainerItemProxy */;
		};
/* End PBXTargetDependency section */

/* Begin PBXVariantGroup section */
		662B5EE12A160173005CD76E /* Main.storyboard */ = {
			isa = PBXVariantGroup;
			children = (
				662B5EE22A160173005CD76E /* Base */,
			);
			name = Main.storyboard;
			sourceTree = "<group>";
		};
		662B5EE62A160177005CD76E /* LaunchScreen.storyboard */ = {
			isa = PBXVariantGroup;
			children = (
				662B5EE72A160177005CD76E /* Base */,
			);
			name = LaunchScreen.storyboard;
			sourceTree = "<group>";
		};
/* End PBXVariantGroup section */

/* Begin XCBuildConfiguration section */
		662B5EF52A160177005CD76E /* Debug */ = {
			isa = XCBuildConfiguration;
			buildSettings = {
				ALWAYS_SEARCH_USER_PATHS = NO;
				CLANG_ANALYZER_NONNULL = YES;
				CLANG_ANALYZER_NUMBER_OBJECT_CONVERSION = YES_AGGRESSIVE;
				CLANG_CXX_LANGUAGE_STANDARD = "gnu++14";
				CLANG_CXX_LIBRARY = "libc++";
				CLANG_ENABLE_MODULES = YES;
				CLANG_ENABLE_OBJC_ARC = YES;
				CLANG_ENABLE_OBJC_WEAK = YES;
				CLANG_WARN_BLOCK_CAPTURE_AUTORELEASING = YES;
				CLANG_WARN_BOOL_CONVERSION = YES;
				CLANG_WARN_COMMA = YES;
				CLANG_WARN_CONSTANT_CONVERSION = YES;
				CLANG_WARN_DEPRECATED_OBJC_IMPLEMENTATIONS = YES;
				CLANG_WARN_DIRECT_OBJC_ISA_USAGE = YES_ERROR;
				CLANG_WARN_DOCUMENTATION_COMMENTS = YES;
				CLANG_WARN_EMPTY_BODY = YES;
				CLANG_WARN_ENUM_CONVERSION = YES;
				CLANG_WARN_INFINITE_RECURSION = YES;
				CLANG_WARN_INT_CONVERSION = YES;
				CLANG_WARN_NON_LITERAL_NULL_CONVERSION = YES;
				CLANG_WARN_OBJC_IMPLICIT_RETAIN_SELF = YES;
				CLANG_WARN_OBJC_LITERAL_CONVERSION = YES;
				CLANG_WARN_OBJC_ROOT_CLASS = YES_ERROR;
				CLANG_WARN_RANGE_LOOP_ANALYSIS = YES;
				CLANG_WARN_STRICT_PROTOTYPES = YES;
				CLANG_WARN_SUSPICIOUS_MOVE = YES;
				CLANG_WARN_UNGUARDED_AVAILABILITY = YES_AGGRESSIVE;
				CLANG_WARN_UNREACHABLE_CODE = YES;
				CLANG_WARN__DUPLICATE_METHOD_MATCH = YES;
				CODE_SIGN_IDENTITY = "iPhone Developer";
				COPY_PHASE_STRIP = NO;
				DEBUG_INFORMATION_FORMAT = dwarf;
				ENABLE_STRICT_OBJC_MSGSEND = YES;
				ENABLE_TESTABILITY = YES;
				GCC_C_LANGUAGE_STANDARD = gnu11;
				GCC_DYNAMIC_NO_PIC = NO;
				GCC_NO_COMMON_BLOCKS = YES;
				GCC_OPTIMIZATION_LEVEL = 0;
				GCC_PREPROCESSOR_DEFINITIONS = (
					"DEBUG=1",
					"$(inherited)",
				);
				GCC_WARN_64_TO_32_BIT_CONVERSION = YES;
				GCC_WARN_ABOUT_RETURN_TYPE = YES_ERROR;
				GCC_WARN_UNDECLARED_SELECTOR = YES;
				GCC_WARN_UNINITIALIZED_AUTOS = YES_AGGRESSIVE;
				GCC_WARN_UNUSED_FUNCTION = YES;
				GCC_WARN_UNUSED_VARIABLE = YES;
				IPHONEOS_DEPLOYMENT_TARGET = 12.4;
				MTL_ENABLE_DEBUG_INFO = INCLUDE_SOURCE;
				MTL_FAST_MATH = YES;
				ONLY_ACTIVE_ARCH = YES;
				SDKROOT = iphoneos;
				SWIFT_ACTIVE_COMPILATION_CONDITIONS = DEBUG;
				SWIFT_OPTIMIZATION_LEVEL = "-Onone";
			};
			name = Debug;
		};
		662B5EF62A160177005CD76E /* Release */ = {
			isa = XCBuildConfiguration;
			buildSettings = {
				ALWAYS_SEARCH_USER_PATHS = NO;
				CLANG_ANALYZER_NONNULL = YES;
				CLANG_ANALYZER_NUMBER_OBJECT_CONVERSION = YES_AGGRESSIVE;
				CLANG_CXX_LANGUAGE_STANDARD = "gnu++14";
				CLANG_CXX_LIBRARY = "libc++";
				CLANG_ENABLE_MODULES = YES;
				CLANG_ENABLE_OBJC_ARC = YES;
				CLANG_ENABLE_OBJC_WEAK = YES;
				CLANG_WARN_BLOCK_CAPTURE_AUTORELEASING = YES;
				CLANG_WARN_BOOL_CONVERSION = YES;
				CLANG_WARN_COMMA = YES;
				CLANG_WARN_CONSTANT_CONVERSION = YES;
				CLANG_WARN_DEPRECATED_OBJC_IMPLEMENTATIONS = YES;
				CLANG_WARN_DIRECT_OBJC_ISA_USAGE = YES_ERROR;
				CLANG_WARN_DOCUMENTATION_COMMENTS = YES;
				CLANG_WARN_EMPTY_BODY = YES;
				CLANG_WARN_ENUM_CONVERSION = YES;
				CLANG_WARN_INFINITE_RECURSION = YES;
				CLANG_WARN_INT_CONVERSION = YES;
				CLANG_WARN_NON_LITERAL_NULL_CONVERSION = YES;
				CLANG_WARN_OBJC_IMPLICIT_RETAIN_SELF = YES;
				CLANG_WARN_OBJC_LITERAL_CONVERSION = YES;
				CLANG_WARN_OBJC_ROOT_CLASS = YES_ERROR;
				CLANG_WARN_RANGE_LOOP_ANALYSIS = YES;
				CLANG_WARN_STRICT_PROTOTYPES = YES;
				CLANG_WARN_SUSPICIOUS_MOVE = YES;
				CLANG_WARN_UNGUARDED_AVAILABILITY = YES_AGGRESSIVE;
				CLANG_WARN_UNREACHABLE_CODE = YES;
				CLANG_WARN__DUPLICATE_METHOD_MATCH = YES;
				CODE_SIGN_IDENTITY = "iPhone Developer";
				COPY_PHASE_STRIP = NO;
				DEBUG_INFORMATION_FORMAT = "dwarf-with-dsym";
				ENABLE_NS_ASSERTIONS = NO;
				ENABLE_STRICT_OBJC_MSGSEND = YES;
				GCC_C_LANGUAGE_STANDARD = gnu11;
				GCC_NO_COMMON_BLOCKS = YES;
				GCC_WARN_64_TO_32_BIT_CONVERSION = YES;
				GCC_WARN_ABOUT_RETURN_TYPE = YES_ERROR;
				GCC_WARN_UNDECLARED_SELECTOR = YES;
				GCC_WARN_UNINITIALIZED_AUTOS = YES_AGGRESSIVE;
				GCC_WARN_UNUSED_FUNCTION = YES;
				GCC_WARN_UNUSED_VARIABLE = YES;
				IPHONEOS_DEPLOYMENT_TARGET = 12.4;
				MTL_ENABLE_DEBUG_INFO = NO;
				MTL_FAST_MATH = YES;
				SDKROOT = iphoneos;
				SWIFT_COMPILATION_MODE = wholemodule;
				SWIFT_OPTIMIZATION_LEVEL = "-O";
				VALIDATE_PRODUCT = YES;
			};
			name = Release;
		};
		662B5EF82A160177005CD76E /* Debug */ = {
			isa = XCBuildConfiguration;
			buildSettings = {
				ASSETCATALOG_COMPILER_APPICON_NAME = AppIcon;
				CLANG_ENABLE_MODULES = YES;
				CODE_SIGN_STYLE = Automatic;
				INFOPLIST_FILE = doanios/Info.plist;
				LD_RUNPATH_SEARCH_PATHS = (
					"$(inherited)",
					"@executable_path/Frameworks",
				);
				PRODUCT_BUNDLE_IDENTIFIER = tdc.edu.vn.doanios;
				PRODUCT_NAME = "$(TARGET_NAME)";
				SWIFT_OBJC_BRIDGING_HEADER = "doanios/FMDB/doanios-Bridging-Header.h";
				SWIFT_OPTIMIZATION_LEVEL = "-Onone";
				SWIFT_VERSION = 5.0;
				TARGETED_DEVICE_FAMILY = "1,2";
			};
			name = Debug;
		};
		662B5EF92A160177005CD76E /* Release */ = {
			isa = XCBuildConfiguration;
			buildSettings = {
				ASSETCATALOG_COMPILER_APPICON_NAME = AppIcon;
				CLANG_ENABLE_MODULES = YES;
				CODE_SIGN_STYLE = Automatic;
				INFOPLIST_FILE = doanios/Info.plist;
				LD_RUNPATH_SEARCH_PATHS = (
					"$(inherited)",
					"@executable_path/Frameworks",
				);
				PRODUCT_BUNDLE_IDENTIFIER = tdc.edu.vn.doanios;
				PRODUCT_NAME = "$(TARGET_NAME)";
				SWIFT_OBJC_BRIDGING_HEADER = "doanios/FMDB/doanios-Bridging-Header.h";
				SWIFT_VERSION = 5.0;
				TARGETED_DEVICE_FAMILY = "1,2";
			};
			name = Release;
		};
		662B5EFB2A160177005CD76E /* Debug */ = {
			isa = XCBuildConfiguration;
			buildSettings = {
				ALWAYS_EMBED_SWIFT_STANDARD_LIBRARIES = YES;
				BUNDLE_LOADER = "$(TEST_HOST)";
				CODE_SIGN_STYLE = Automatic;
				INFOPLIST_FILE = doaniosTests/Info.plist;
				LD_RUNPATH_SEARCH_PATHS = (
					"$(inherited)",
					"@executable_path/Frameworks",
					"@loader_path/Frameworks",
				);
				PRODUCT_BUNDLE_IDENTIFIER = tdc.edu.vn.doaniosTests;
				PRODUCT_NAME = "$(TARGET_NAME)";
				SWIFT_VERSION = 5.0;
				TARGETED_DEVICE_FAMILY = "1,2";
				TEST_HOST = "$(BUILT_PRODUCTS_DIR)/doanios.app/doanios";
			};
			name = Debug;
		};
		662B5EFC2A160177005CD76E /* Release */ = {
			isa = XCBuildConfiguration;
			buildSettings = {
				ALWAYS_EMBED_SWIFT_STANDARD_LIBRARIES = YES;
				BUNDLE_LOADER = "$(TEST_HOST)";
				CODE_SIGN_STYLE = Automatic;
				INFOPLIST_FILE = doaniosTests/Info.plist;
				LD_RUNPATH_SEARCH_PATHS = (
					"$(inherited)",
					"@executable_path/Frameworks",
					"@loader_path/Frameworks",
				);
				PRODUCT_BUNDLE_IDENTIFIER = tdc.edu.vn.doaniosTests;
				PRODUCT_NAME = "$(TARGET_NAME)";
				SWIFT_VERSION = 5.0;
				TARGETED_DEVICE_FAMILY = "1,2";
				TEST_HOST = "$(BUILT_PRODUCTS_DIR)/doanios.app/doanios";
			};
			name = Release;
		};
/* End XCBuildConfiguration section */

/* Begin XCConfigurationList section */
		662B5ED52A160173005CD76E /* Build configuration list for PBXProject "doanios" */ = {
			isa = XCConfigurationList;
			buildConfigurations = (
				662B5EF52A160177005CD76E /* Debug */,
				662B5EF62A160177005CD76E /* Release */,
			);
			defaultConfigurationIsVisible = 0;
			defaultConfigurationName = Release;
		};
		662B5EF72A160177005CD76E /* Build configuration list for PBXNativeTarget "doanios" */ = {
			isa = XCConfigurationList;
			buildConfigurations = (
				662B5EF82A160177005CD76E /* Debug */,
				662B5EF92A160177005CD76E /* Release */,
			);
			defaultConfigurationIsVisible = 0;
			defaultConfigurationName = Release;
		};
		662B5EFA2A160177005CD76E /* Build configuration list for PBXNativeTarget "doaniosTests" */ = {
			isa = XCConfigurationList;
			buildConfigurations = (
				662B5EFB2A160177005CD76E /* Debug */,
				662B5EFC2A160177005CD76E /* Release */,
			);
			defaultConfigurationIsVisible = 0;
			defaultConfigurationName = Release;
		};
/* End XCConfigurationList section */
	};
	rootObject = 662B5ED22A160173005CD76E /* Project object */;
}
